// !$*UTF8*$!
{
	archiveVersion = 1;
	classes = {
	};
	objectVersion = 46;
	objects = {

/* Begin PBXBuildFile section */
		DD4E5D161A97AC7F0075E1D7 /* AppDelegate.swift in Sources */ = {isa = PBXBuildFile; fileRef = DD4E5D151A97AC7F0075E1D7 /* AppDelegate.swift */; };
		DD4E5D181A97AC7F0075E1D7 /* ViewController.swift in Sources */ = {isa = PBXBuildFile; fileRef = DD4E5D171A97AC7F0075E1D7 /* ViewController.swift */; };
		DD4E5D1B1A97AC7F0075E1D7 /* Main.storyboard in Resources */ = {isa = PBXBuildFile; fileRef = DD4E5D191A97AC7F0075E1D7 /* Main.storyboard */; };
		DD4E5D1D1A97AC7F0075E1D7 /* Images.xcassets in Resources */ = {isa = PBXBuildFile; fileRef = DD4E5D1C1A97AC7F0075E1D7 /* Images.xcassets */; };
		DD4E5D201A97AC7F0075E1D7 /* LaunchScreen.xib in Resources */ = {isa = PBXBuildFile; fileRef = DD4E5D1E1A97AC7F0075E1D7 /* LaunchScreen.xib */; };
		DD4E5D2C1A97AC800075E1D7 /* TicTacTwo_Tests.swift in Sources */ = {isa = PBXBuildFile; fileRef = DD4E5D2B1A97AC800075E1D7 /* TicTacTwo_Tests.swift */; };
		DD4E5D371A97B7D20075E1D7 /* Game.swift in Sources */ = {isa = PBXBuildFile; fileRef = DD4E5D361A97B7D20075E1D7 /* Game.swift */; };
		DD4E5D391A97FFF70075E1D7 /* Game.swift in Sources */ = {isa = PBXBuildFile; fileRef = DD4E5D361A97B7D20075E1D7 /* Game.swift */; };
		DD4E5D3B1A99018E0075E1D7 /* Extensions.swift in Sources */ = {isa = PBXBuildFile; fileRef = DD4E5D3A1A99018E0075E1D7 /* Extensions.swift */; };
		DDB6E78C1A9BEDDF00ED9513 /* Extensions.swift in Sources */ = {isa = PBXBuildFile; fileRef = DD4E5D3A1A99018E0075E1D7 /* Extensions.swift */; };
		DDB6E7941A9D123400ED9513 /* StaticGridView.swift in Sources */ = {isa = PBXBuildFile; fileRef = DDB6E7931A9D123400ED9513 /* StaticGridView.swift */; };
		DDB6E7961A9D301C00ED9513 /* TicTacToeViewController.swift in Sources */ = {isa = PBXBuildFile; fileRef = DDB6E7951A9D301C00ED9513 /* TicTacToeViewController.swift */; };
		DDB6E7981A9D4F4600ED9513 /* TicTacToeCell.swift in Sources */ = {isa = PBXBuildFile; fileRef = DDB6E7971A9D4F4600ED9513 /* TicTacToeCell.swift */; };
		DDB6E79A1A9FB9E500ED9513 /* TicTacToeLine.xib in Resources */ = {isa = PBXBuildFile; fileRef = DDB6E7991A9FB9E500ED9513 /* TicTacToeLine.xib */; };
		DDB6E79C1AA0F23300ED9513 /* SeparatorReusableView.swift in Sources */ = {isa = PBXBuildFile; fileRef = DDB6E79B1AA0F23300ED9513 /* SeparatorReusableView.swift */; };
		DDB6E79E1AA0F3F700ED9513 /* TicTacToeFlowLayout.swift in Sources */ = {isa = PBXBuildFile; fileRef = DDB6E79D1AA0F3F700ED9513 /* TicTacToeFlowLayout.swift */; };
/* End PBXBuildFile section */

/* Begin PBXContainerItemProxy section */
		DD4E5D261A97AC800075E1D7 /* PBXContainerItemProxy */ = {
			isa = PBXContainerItemProxy;
			containerPortal = DD4E5D081A97AC7F0075E1D7 /* Project object */;
			proxyType = 1;
			remoteGlobalIDString = DD4E5D0F1A97AC7F0075E1D7;
			remoteInfo = "TicTacTwo!";
		};
/* End PBXContainerItemProxy section */

/* Begin PBXFileReference section */
		DD4E5D101A97AC7F0075E1D7 /* TicTacTwo!.app */ = {isa = PBXFileReference; explicitFileType = wrapper.application; includeInIndex = 0; path = "TicTacTwo!.app"; sourceTree = BUILT_PRODUCTS_DIR; };
		DD4E5D141A97AC7F0075E1D7 /* Info.plist */ = {isa = PBXFileReference; lastKnownFileType = text.plist.xml; path = Info.plist; sourceTree = "<group>"; };
		DD4E5D151A97AC7F0075E1D7 /* AppDelegate.swift */ = {isa = PBXFileReference; lastKnownFileType = sourcecode.swift; path = AppDelegate.swift; sourceTree = "<group>"; };
		DD4E5D171A97AC7F0075E1D7 /* ViewController.swift */ = {isa = PBXFileReference; lastKnownFileType = sourcecode.swift; path = ViewController.swift; sourceTree = "<group>"; };
		DD4E5D1A1A97AC7F0075E1D7 /* Base */ = {isa = PBXFileReference; lastKnownFileType = file.storyboard; name = Base; path = Base.lproj/Main.storyboard; sourceTree = "<group>"; };
		DD4E5D1C1A97AC7F0075E1D7 /* Images.xcassets */ = {isa = PBXFileReference; lastKnownFileType = folder.assetcatalog; path = Images.xcassets; sourceTree = "<group>"; };
		DD4E5D1F1A97AC7F0075E1D7 /* Base */ = {isa = PBXFileReference; lastKnownFileType = file.xib; name = Base; path = Base.lproj/LaunchScreen.xib; sourceTree = "<group>"; };
		DD4E5D251A97AC800075E1D7 /* TicTacTwo!Tests.xctest */ = {isa = PBXFileReference; explicitFileType = wrapper.cfbundle; includeInIndex = 0; path = "TicTacTwo!Tests.xctest"; sourceTree = BUILT_PRODUCTS_DIR; };
		DD4E5D2A1A97AC800075E1D7 /* Info.plist */ = {isa = PBXFileReference; lastKnownFileType = text.plist.xml; path = Info.plist; sourceTree = "<group>"; };
		DD4E5D2B1A97AC800075E1D7 /* TicTacTwo_Tests.swift */ = {isa = PBXFileReference; lastKnownFileType = sourcecode.swift; lineEnding = 0; path = TicTacTwo_Tests.swift; sourceTree = "<group>"; xcLanguageSpecificationIdentifier = xcode.lang.swift; };
		DD4E5D351A97ACA20075E1D7 /* ScratchPad.playground */ = {isa = PBXFileReference; lastKnownFileType = file.playground; path = ScratchPad.playground; sourceTree = "<group>"; };
		DD4E5D361A97B7D20075E1D7 /* Game.swift */ = {isa = PBXFileReference; fileEncoding = 4; lastKnownFileType = sourcecode.swift; lineEnding = 0; path = Game.swift; sourceTree = "<group>"; xcLanguageSpecificationIdentifier = xcode.lang.swift; };
		DD4E5D3A1A99018E0075E1D7 /* Extensions.swift */ = {isa = PBXFileReference; fileEncoding = 4; lastKnownFileType = sourcecode.swift; path = Extensions.swift; sourceTree = "<group>"; };
		DDB6E7931A9D123400ED9513 /* StaticGridView.swift */ = {isa = PBXFileReference; fileEncoding = 4; lastKnownFileType = sourcecode.swift; path = StaticGridView.swift; sourceTree = "<group>"; };
		DDB6E7951A9D301C00ED9513 /* TicTacToeViewController.swift */ = {isa = PBXFileReference; fileEncoding = 4; lastKnownFileType = sourcecode.swift; lineEnding = 0; path = TicTacToeViewController.swift; sourceTree = "<group>"; xcLanguageSpecificationIdentifier = xcode.lang.swift; };
		DDB6E7971A9D4F4600ED9513 /* TicTacToeCell.swift */ = {isa = PBXFileReference; fileEncoding = 4; lastKnownFileType = sourcecode.swift; path = TicTacToeCell.swift; sourceTree = "<group>"; };
		DDB6E7991A9FB9E500ED9513 /* TicTacToeLine.xib */ = {isa = PBXFileReference; fileEncoding = 4; lastKnownFileType = file.xib; path = TicTacToeLine.xib; sourceTree = "<group>"; };
		DDB6E79B1AA0F23300ED9513 /* SeparatorReusableView.swift */ = {isa = PBXFileReference; fileEncoding = 4; lastKnownFileType = sourcecode.swift; path = SeparatorReusableView.swift; sourceTree = "<group>"; };
		DDB6E79D1AA0F3F700ED9513 /* TicTacToeFlowLayout.swift */ = {isa = PBXFileReference; fileEncoding = 4; lastKnownFileType = sourcecode.swift; path = TicTacToeFlowLayout.swift; sourceTree = "<group>"; };
/* End PBXFileReference section */

/* Begin PBXFrameworksBuildPhase section */
		DD4E5D0D1A97AC7F0075E1D7 /* Frameworks */ = {
			isa = PBXFrameworksBuildPhase;
			buildActionMask = 2147483647;
			files = (
			);
			runOnlyForDeploymentPostprocessing = 0;
		};
		DD4E5D221A97AC800075E1D7 /* Frameworks */ = {
			isa = PBXFrameworksBuildPhase;
			buildActionMask = 2147483647;
			files = (
			);
			runOnlyForDeploymentPostprocessing = 0;
		};
/* End PBXFrameworksBuildPhase section */

/* Begin PBXGroup section */
		DD4E5D071A97AC7F0075E1D7 = {
			isa = PBXGroup;
			children = (
				DD4E5D351A97ACA20075E1D7 /* ScratchPad.playground */,
				DD4E5D121A97AC7F0075E1D7 /* TicTacTwo! */,
				DD4E5D281A97AC800075E1D7 /* TicTacTwo!Tests */,
				DD4E5D111A97AC7F0075E1D7 /* Products */,
			);
			sourceTree = "<group>";
		};
		DD4E5D111A97AC7F0075E1D7 /* Products */ = {
			isa = PBXGroup;
			children = (
				DD4E5D101A97AC7F0075E1D7 /* TicTacTwo!.app */,
				DD4E5D251A97AC800075E1D7 /* TicTacTwo!Tests.xctest */,
			);
			name = Products;
			sourceTree = "<group>";
		};
		DD4E5D121A97AC7F0075E1D7 /* TicTacTwo! */ = {
			isa = PBXGroup;
			children = (
				DD4E5D3A1A99018E0075E1D7 /* Extensions.swift */,
				DD4E5D151A97AC7F0075E1D7 /* AppDelegate.swift */,
				DD4E5D171A97AC7F0075E1D7 /* ViewController.swift */,
				DD4E5D191A97AC7F0075E1D7 /* Main.storyboard */,
				DDB6E7991A9FB9E500ED9513 /* TicTacToeLine.xib */,
				DD4E5D1C1A97AC7F0075E1D7 /* Images.xcassets */,
				DD4E5D1E1A97AC7F0075E1D7 /* LaunchScreen.xib */,
				DD4E5D131A97AC7F0075E1D7 /* Supporting Files */,
				DDB6E7951A9D301C00ED9513 /* TicTacToeViewController.swift */,
				DD4E5D381A97B7DB0075E1D7 /* Model */,
				DDB6E78F1A9D119800ED9513 /* View */,
			);
			path = "TicTacTwo!";
			sourceTree = "<group>";
		};
		DD4E5D131A97AC7F0075E1D7 /* Supporting Files */ = {
			isa = PBXGroup;
			children = (
				DD4E5D141A97AC7F0075E1D7 /* Info.plist */,
			);
			name = "Supporting Files";
			sourceTree = "<group>";
		};
		DD4E5D281A97AC800075E1D7 /* TicTacTwo!Tests */ = {
			isa = PBXGroup;
			children = (
				DD4E5D2B1A97AC800075E1D7 /* TicTacTwo_Tests.swift */,
				DD4E5D291A97AC800075E1D7 /* Supporting Files */,
			);
			path = "TicTacTwo!Tests";
			sourceTree = "<group>";
		};
		DD4E5D291A97AC800075E1D7 /* Supporting Files */ = {
			isa = PBXGroup;
			children = (
				DD4E5D2A1A97AC800075E1D7 /* Info.plist */,
			);
			name = "Supporting Files";
			sourceTree = "<group>";
		};
		DD4E5D381A97B7DB0075E1D7 /* Model */ = {
			isa = PBXGroup;
			children = (
				DD4E5D361A97B7D20075E1D7 /* Game.swift */,
			);
			name = Model;
			sourceTree = "<group>";
		};
		DDB6E78F1A9D119800ED9513 /* View */ = {
			isa = PBXGroup;
			children = (
				DDB6E7931A9D123400ED9513 /* StaticGridView.swift */,
				DDB6E7971A9D4F4600ED9513 /* TicTacToeCell.swift */,
				DDB6E79B1AA0F23300ED9513 /* SeparatorReusableView.swift */,
				DDB6E79D1AA0F3F700ED9513 /* TicTacToeFlowLayout.swift */,
			);
			name = View;
			sourceTree = "<group>";
		};
/* End PBXGroup section */

/* Begin PBXNativeTarget section */
		DD4E5D0F1A97AC7F0075E1D7 /* TicTacTwo! */ = {
			isa = PBXNativeTarget;
			buildConfigurationList = DD4E5D2F1A97AC800075E1D7 /* Build configuration list for PBXNativeTarget "TicTacTwo!" */;
			buildPhases = (
				DD4E5D0C1A97AC7F0075E1D7 /* Sources */,
				DD4E5D0D1A97AC7F0075E1D7 /* Frameworks */,
				DD4E5D0E1A97AC7F0075E1D7 /* Resources */,
			);
			buildRules = (
			);
			dependencies = (
			);
			name = "TicTacTwo!";
			productName = "TicTacTwo!";
			productReference = DD4E5D101A97AC7F0075E1D7 /* TicTacTwo!.app */;
			productType = "com.apple.product-type.application";
		};
		DD4E5D241A97AC800075E1D7 /* TicTacTwo!Tests */ = {
			isa = PBXNativeTarget;
			buildConfigurationList = DD4E5D321A97AC800075E1D7 /* Build configuration list for PBXNativeTarget "TicTacTwo!Tests" */;
			buildPhases = (
				DD4E5D211A97AC800075E1D7 /* Sources */,
				DD4E5D221A97AC800075E1D7 /* Frameworks */,
				DD4E5D231A97AC800075E1D7 /* Resources */,
			);
			buildRules = (
			);
			dependencies = (
				DD4E5D271A97AC800075E1D7 /* PBXTargetDependency */,
			);
			name = "TicTacTwo!Tests";
			productName = "TicTacTwo!Tests";
			productReference = DD4E5D251A97AC800075E1D7 /* TicTacTwo!Tests.xctest */;
			productType = "com.apple.product-type.bundle.unit-test";
		};
/* End PBXNativeTarget section */

/* Begin PBXProject section */
		DD4E5D081A97AC7F0075E1D7 /* Project object */ = {
			isa = PBXProject;
			attributes = {
				LastUpgradeCheck = 0610;
				ORGANIZATIONNAME = "James Pamplona";
				TargetAttributes = {
					DD4E5D0F1A97AC7F0075E1D7 = {
						CreatedOnToolsVersion = 6.1.1;
						DevelopmentTeam = NQ5FBJE8P8;
					};
					DD4E5D241A97AC800075E1D7 = {
						CreatedOnToolsVersion = 6.1.1;
						TestTargetID = DD4E5D0F1A97AC7F0075E1D7;
					};
				};
			};
			buildConfigurationList = DD4E5D0B1A97AC7F0075E1D7 /* Build configuration list for PBXProject "TicTacTwo!" */;
			compatibilityVersion = "Xcode 3.2";
			developmentRegion = English;
			hasScannedForEncodings = 0;
			knownRegions = (
				en,
				Base,
			);
			mainGroup = DD4E5D071A97AC7F0075E1D7;
			productRefGroup = DD4E5D111A97AC7F0075E1D7 /* Products */;
			projectDirPath = "";
			projectRoot = "";
			targets = (
				DD4E5D0F1A97AC7F0075E1D7 /* TicTacTwo! */,
				DD4E5D241A97AC800075E1D7 /* TicTacTwo!Tests */,
			);
		};
/* End PBXProject section */

/* Begin PBXResourcesBuildPhase section */
		DD4E5D0E1A97AC7F0075E1D7 /* Resources */ = {
			isa = PBXResourcesBuildPhase;
			buildActionMask = 2147483647;
			files = (
				DD4E5D1B1A97AC7F0075E1D7 /* Main.storyboard in Resources */,
				DD4E5D201A97AC7F0075E1D7 /* LaunchScreen.xib in Resources */,
				DDB6E79A1A9FB9E500ED9513 /* TicTacToeLine.xib in Resources */,
				DD4E5D1D1A97AC7F0075E1D7 /* Images.xcassets in Resources */,
			);
			runOnlyForDeploymentPostprocessing = 0;
		};
		DD4E5D231A97AC800075E1D7 /* Resources */ = {
			isa = PBXResourcesBuildPhase;
			buildActionMask = 2147483647;
			files = (
			);
			runOnlyForDeploymentPostprocessing = 0;
		};
/* End PBXResourcesBuildPhase section */

/* Begin PBXSourcesBuildPhase section */
		DD4E5D0C1A97AC7F0075E1D7 /* Sources */ = {
			isa = PBXSourcesBuildPhase;
			buildActionMask = 2147483647;
			files = (
				DDB6E7961A9D301C00ED9513 /* TicTacToeViewController.swift in Sources */,
				DDB6E7981A9D4F4600ED9513 /* TicTacToeCell.swift in Sources */,
				DD4E5D181A97AC7F0075E1D7 /* ViewController.swift in Sources */,
				DD4E5D371A97B7D20075E1D7 /* Game.swift in Sources */,
				DDB6E79E1AA0F3F700ED9513 /* TicTacToeFlowLayout.swift in Sources */,
				DD4E5D161A97AC7F0075E1D7 /* AppDelegate.swift in Sources */,
				DDB6E79C1AA0F23300ED9513 /* SeparatorReusableView.swift in Sources */,
				DD4E5D3B1A99018E0075E1D7 /* Extensions.swift in Sources */,
				DDB6E7941A9D123400ED9513 /* StaticGridView.swift in Sources */,
			);
			runOnlyForDeploymentPostprocessing = 0;
		};
		DD4E5D211A97AC800075E1D7 /* Sources */ = {
			isa = PBXSourcesBuildPhase;
			buildActionMask = 2147483647;
			files = (
				DD4E5D2C1A97AC800075E1D7 /* TicTacTwo_Tests.swift in Sources */,
				DDB6E78C1A9BEDDF00ED9513 /* Extensions.swift in Sources */,
				DD4E5D391A97FFF70075E1D7 /* Game.swift in Sources */,
			);
			runOnlyForDeploymentPostprocessing = 0;
		};
/* End PBXSourcesBuildPhase section */

/* Begin PBXTargetDependency section */
		DD4E5D271A97AC800075E1D7 /* PBXTargetDependency */ = {
			isa = PBXTargetDependency;
			target = DD4E5D0F1A97AC7F0075E1D7 /* TicTacTwo! */;
			targetProxy = DD4E5D261A97AC800075E1D7 /* PBXContainerItemProxy */;
		};
/* End PBXTargetDependency section */

/* Begin PBXVariantGroup section */
		DD4E5D191A97AC7F0075E1D7 /* Main.storyboard */ = {
			isa = PBXVariantGroup;
			children = (
				DD4E5D1A1A97AC7F0075E1D7 /* Base */,
			);
			name = Main.storyboard;
			sourceTree = "<group>";
		};
		DD4E5D1E1A97AC7F0075E1D7 /* LaunchScreen.xib */ = {
			isa = PBXVariantGroup;
			children = (
				DD4E5D1F1A97AC7F0075E1D7 /* Base */,
			);
			name = LaunchScreen.xib;
			sourceTree = "<group>";
		};
/* End PBXVariantGroup section */

/* Begin XCBuildConfiguration section */
		DD4E5D2D1A97AC800075E1D7 /* Debug */ = {
			isa = XCBuildConfiguration;
			buildSettings = {
				ALWAYS_SEARCH_USER_PATHS = NO;
				CLANG_CXX_LANGUAGE_STANDARD = "gnu++0x";
				CLANG_CXX_LIBRARY = "libc++";
				CLANG_ENABLE_MODULES = YES;
				CLANG_ENABLE_OBJC_ARC = YES;
				CLANG_WARN_BOOL_CONVERSION = YES;
				CLANG_WARN_CONSTANT_CONVERSION = YES;
				CLANG_WARN_DIRECT_OBJC_ISA_USAGE = YES_ERROR;
				CLANG_WARN_EMPTY_BODY = YES;
				CLANG_WARN_ENUM_CONVERSION = YES;
				CLANG_WARN_INT_CONVERSION = YES;
				CLANG_WARN_OBJC_ROOT_CLASS = YES_ERROR;
				CLANG_WARN_UNREACHABLE_CODE = YES;
				CLANG_WARN__DUPLICATE_METHOD_MATCH = YES;
				"CODE_SIGN_IDENTITY[sdk=iphoneos*]" = "iPhone Developer";
				COPY_PHASE_STRIP = NO;
				ENABLE_STRICT_OBJC_MSGSEND = YES;
				GCC_C_LANGUAGE_STANDARD = gnu99;
				GCC_DYNAMIC_NO_PIC = NO;
				GCC_OPTIMIZATION_LEVEL = 0;
				GCC_PREPROCESSOR_DEFINITIONS = (
					"DEBUG=1",
					"$(inherited)",
				);
				GCC_SYMBOLS_PRIVATE_EXTERN = NO;
				GCC_WARN_64_TO_32_BIT_CONVERSION = YES;
				GCC_WARN_ABOUT_RETURN_TYPE = YES_ERROR;
				GCC_WARN_UNDECLARED_SELECTOR = YES;
				GCC_WARN_UNINITIALIZED_AUTOS = YES_AGGRESSIVE;
				GCC_WARN_UNUSED_FUNCTION = YES;
				GCC_WARN_UNUSED_VARIABLE = YES;
				IPHONEOS_DEPLOYMENT_TARGET = 8.1;
				MTL_ENABLE_DEBUG_INFO = YES;
				ONLY_ACTIVE_ARCH = YES;
				SDKROOT = iphoneos;
				SWIFT_OPTIMIZATION_LEVEL = "-Onone";
			};
			name = Debug;
		};
		DD4E5D2E1A97AC800075E1D7 /* Release */ = {
			isa = XCBuildConfiguration;
			buildSettings = {
				ALWAYS_SEARCH_USER_PATHS = NO;
				CLANG_CXX_LANGUAGE_STANDARD = "gnu++0x";
				CLANG_CXX_LIBRARY = "libc++";
				CLANG_ENABLE_MODULES = YES;
				CLANG_ENABLE_OBJC_ARC = YES;
				CLANG_WARN_BOOL_CONVERSION = YES;
				CLANG_WARN_CONSTANT_CONVERSION = YES;
				CLANG_WARN_DIRECT_OBJC_ISA_USAGE = YES_ERROR;
				CLANG_WARN_EMPTY_BODY = YES;
				CLANG_WARN_ENUM_CONVERSION = YES;
				CLANG_WARN_INT_CONVERSION = YES;
				CLANG_WARN_OBJC_ROOT_CLASS = YES_ERROR;
				CLANG_WARN_UNREACHABLE_CODE = YES;
				CLANG_WARN__DUPLICATE_METHOD_MATCH = YES;
				"CODE_SIGN_IDENTITY[sdk=iphoneos*]" = "iPhone Developer";
				COPY_PHASE_STRIP = YES;
				ENABLE_NS_ASSERTIONS = NO;
				ENABLE_STRICT_OBJC_MSGSEND = YES;
				GCC_C_LANGUAGE_STANDARD = gnu99;
				GCC_WARN_64_TO_32_BIT_CONVERSION = YES;
				GCC_WARN_ABOUT_RETURN_TYPE = YES_ERROR;
				GCC_WARN_UNDECLARED_SELECTOR = YES;
				GCC_WARN_UNINITIALIZED_AUTOS = YES_AGGRESSIVE;
				GCC_WARN_UNUSED_FUNCTION = YES;
				GCC_WARN_UNUSED_VARIABLE = YES;
				IPHONEOS_DEPLOYMENT_TARGET = 8.1;
				MTL_ENABLE_DEBUG_INFO = NO;
				SDKROOT = iphoneos;
				VALIDATE_PRODUCT = YES;
			};
			name = Release;
		};
		DD4E5D301A97AC800075E1D7 /* Debug */ = {
			isa = XCBuildConfiguration;
			buildSettings = {
				ASSETCATALOG_COMPILER_APPICON_NAME = AppIcon;
				CODE_SIGN_IDENTITY = "iPhone Developer";
				INFOPLIST_FILE = "TicTacTwo!/Info.plist";
				LD_RUNPATH_SEARCH_PATHS = "$(inherited) @executable_path/Frameworks";
				PRODUCT_NAME = "$(TARGET_NAME)";
			};
			name = Debug;
		};
		DD4E5D311A97AC800075E1D7 /* Release */ = {
			isa = XCBuildConfiguration;
			buildSettings = {
				ASSETCATALOG_COMPILER_APPICON_NAME = AppIcon;
				CODE_SIGN_IDENTITY = "iPhone Developer";
				INFOPLIST_FILE = "TicTacTwo!/Info.plist";
				LD_RUNPATH_SEARCH_PATHS = "$(inherited) @executable_path/Frameworks";
				PRODUCT_NAME = "$(TARGET_NAME)";
			};
			name = Release;
		};
		DD4E5D331A97AC800075E1D7 /* Debug */ = {
			isa = XCBuildConfiguration;
			buildSettings = {
				BUNDLE_LOADER = "$(TEST_HOST)";
				FRAMEWORK_SEARCH_PATHS = (
					"$(SDKROOT)/Developer/Library/Frameworks",
					"$(inherited)",
				);
				GCC_PREPROCESSOR_DEFINITIONS = (
					"DEBUG=1",
					"$(inherited)",
				);
				INFOPLIST_FILE = "TicTacTwo!Tests/Info.plist";
				LD_RUNPATH_SEARCH_PATHS = "$(inherited) @executable_path/Frameworks @loader_path/Frameworks";
				PRODUCT_NAME = "$(TARGET_NAME)";
				TEST_HOST = "$(BUILT_PRODUCTS_DIR)/TicTacTwo!.app/TicTacTwo!";
			};
			name = Debug;
		};
		DD4E5D341A97AC800075E1D7 /* Release */ = {
			isa = XCBuildConfiguration;
			buildSettings = {
				BUNDLE_LOADER = "$(TEST_HOST)";
				FRAMEWORK_SEARCH_PATHS = (
					"$(SDKROOT)/Developer/Library/Frameworks",
					"$(inherited)",
				);
				INFOPLIST_FILE = "TicTacTwo!Tests/Info.plist";
				LD_RUNPATH_SEARCH_PATHS = "$(inherited) @executable_path/Frameworks @loader_path/Frameworks";
				PRODUCT_NAME = "$(TARGET_NAME)";
				TEST_HOST = "$(BUILT_PRODUCTS_DIR)/TicTacTwo!.app/TicTacTwo!";
			};
			name = Release;
		};
/* End XCBuildConfiguration section */

/* Begin XCConfigurationList section */
		DD4E5D0B1A97AC7F0075E1D7 /* Build configuration list for PBXProject "TicTacTwo!" */ = {
			isa = XCConfigurationList;
			buildConfigurations = (
				DD4E5D2D1A97AC800075E1D7 /* Debug */,
				DD4E5D2E1A97AC800075E1D7 /* Release */,
			);
			defaultConfigurationIsVisible = 0;
			defaultConfigurationName = Release;
		};
		DD4E5D2F1A97AC800075E1D7 /* Build configuration list for PBXNativeTarget "TicTacTwo!" */ = {
			isa = XCConfigurationList;
			buildConfigurations = (
				DD4E5D301A97AC800075E1D7 /* Debug */,
				DD4E5D311A97AC800075E1D7 /* Release */,
			);
			defaultConfigurationIsVisible = 0;
			defaultConfigurationName = Release;
		};
		DD4E5D321A97AC800075E1D7 /* Build configuration list for PBXNativeTarget "TicTacTwo!Tests" */ = {
			isa = XCConfigurationList;
			buildConfigurations = (
				DD4E5D331A97AC800075E1D7 /* Debug */,
				DD4E5D341A97AC800075E1D7 /* Release */,
			);
			defaultConfigurationIsVisible = 0;
			defaultConfigurationName = Release;
		};
/* End XCConfigurationList section */
	};
	rootObject = DD4E5D081A97AC7F0075E1D7 /* Project object */;
}
